
Microsoft Visual Studio Solution File, Format Version 12.00
# Visual Studio Version 16
VisualStudioVersion = 16.0.30225.117
MinimumVisualStudioVersion = 10.0.40219.1
Project("{FAE04EC0-301F-11D3-BF4B-00C04F79EFBC}") = "THUCTAPNHOM", "THUCTAPNHOM\THUCTAPNHOM.csproj", "{A8157C79-7BDA-4E00-B9EF-DD99DF4673C4}"
EndProject
Global
	GlobalSection(SolutionConfigurationPlatforms) = preSolution
		Debug|Any CPU = Debug|Any CPU
		Release|Any CPU = Release|Any CPU
	EndGlobalSection
	GlobalSection(ProjectConfigurationPlatforms) = postSolution
		{A8157C79-7BDA-4E00-B9EF-DD99DF4673C4}.Debug|Any CPU.ActiveCfg = Debug|Any CPU
		{A8157C79-7BDA-4E00-B9EF-DD99DF4673C4}.Debug|Any CPU.Build.0 = Debug|Any CPU
		{A8157C79-7BDA-4E00-B9EF-DD99DF4673C4}.Release|Any CPU.ActiveCfg = Release|Any CPU
		{A8157C79-7BDA-4E00-B9EF-DD99DF4673C4}.Release|Any CPU.Build.0 = Release|Any CPU
	EndGlobalSection
	GlobalSection(SolutionProperties) = preSolution
		HideSolutionNode = FALSE
	EndGlobalSection
	GlobalSection(ExtensibilityGlobals) = postSolution
		SolutionGuid = {C3DEE1D1-0FE7-431B-8263-1E8FF781744C}
	EndGlobalSection
EndGlobal
